
Microsoft Visual Studio Solution File, Format Version 12.00
# Visual Studio 15
VisualStudioVersion = 15.0.28307.489
MinimumVisualStudioVersion = 10.0.40219.1
Project("{9A19103F-16F7-4668-BE54-9A1E7A4F7556}") = "Vap", "Vap\Vap.csproj", "{A660199E-2C70-4AAF-AE12-371D29CCC5A2}"
EndProject
Project("{9A19103F-16F7-4668-BE54-9A1E7A4F7556}") = "Models", "ModelProvider\Models.csproj", "{8415783F-B53A-4CC9-9BC4-2059301B9AC9}"
EndProject
Project("{9A19103F-16F7-4668-BE54-9A1E7A4F7556}") = "Provider.Sql", "Provider.Sql\Provider.Sql.csproj", "{44062717-1D39-47B7-9DAC-2501677DF84A}"
EndProject
Project("{9A19103F-16F7-4668-BE54-9A1E7A4F7556}") = "Helper.Web", "Helper.Web\Helper.Web.csproj", "{2F5BE201-5722-4A29-96CD-9556A01E45EA}"
EndProject
Project("{FAE04EC0-301F-11D3-BF4B-00C04F79EFBC}") = "XUnitTestProject", "XUnitTestProject\XUnitTestProject.csproj", "{3DFAE0A1-300E-4781-B853-297AB2A671A1}"
EndProject
Global
	GlobalSection(SolutionConfigurationPlatforms) = preSolution
		Debug|Any CPU = Debug|Any CPU
		Release|Any CPU = Release|Any CPU
	EndGlobalSection
	GlobalSection(ProjectConfigurationPlatforms) = postSolution
		{A660199E-2C70-4AAF-AE12-371D29CCC5A2}.Debug|Any CPU.ActiveCfg = Debug|Any CPU
		{A660199E-2C70-4AAF-AE12-371D29CCC5A2}.Debug|Any CPU.Build.0 = Debug|Any CPU
		{A660199E-2C70-4AAF-AE12-371D29CCC5A2}.Release|Any CPU.ActiveCfg = Release|Any CPU
		{A660199E-2C70-4AAF-AE12-371D29CCC5A2}.Release|Any CPU.Build.0 = Release|Any CPU
		{8415783F-B53A-4CC9-9BC4-2059301B9AC9}.Debug|Any CPU.ActiveCfg = Debug|Any CPU
		{8415783F-B53A-4CC9-9BC4-2059301B9AC9}.Debug|Any CPU.Build.0 = Debug|Any CPU
		{8415783F-B53A-4CC9-9BC4-2059301B9AC9}.Release|Any CPU.ActiveCfg = Release|Any CPU
		{8415783F-B53A-4CC9-9BC4-2059301B9AC9}.Release|Any CPU.Build.0 = Release|Any CPU
		{44062717-1D39-47B7-9DAC-2501677DF84A}.Debug|Any CPU.ActiveCfg = Debug|Any CPU
		{44062717-1D39-47B7-9DAC-2501677DF84A}.Debug|Any CPU.Build.0 = Debug|Any CPU
		{44062717-1D39-47B7-9DAC-2501677DF84A}.Release|Any CPU.ActiveCfg = Release|Any CPU
		{44062717-1D39-47B7-9DAC-2501677DF84A}.Release|Any CPU.Build.0 = Release|Any CPU
		{2F5BE201-5722-4A29-96CD-9556A01E45EA}.Debug|Any CPU.ActiveCfg = Debug|Any CPU
		{2F5BE201-5722-4A29-96CD-9556A01E45EA}.Debug|Any CPU.Build.0 = Debug|Any CPU
		{2F5BE201-5722-4A29-96CD-9556A01E45EA}.Release|Any CPU.ActiveCfg = Release|Any CPU
		{2F5BE201-5722-4A29-96CD-9556A01E45EA}.Release|Any CPU.Build.0 = Release|Any CPU
		{3DFAE0A1-300E-4781-B853-297AB2A671A1}.Debug|Any CPU.ActiveCfg = Debug|Any CPU
		{3DFAE0A1-300E-4781-B853-297AB2A671A1}.Debug|Any CPU.Build.0 = Debug|Any CPU
		{3DFAE0A1-300E-4781-B853-297AB2A671A1}.Release|Any CPU.ActiveCfg = Release|Any CPU
		{3DFAE0A1-300E-4781-B853-297AB2A671A1}.Release|Any CPU.Build.0 = Release|Any CPU
	EndGlobalSection
	GlobalSection(SolutionProperties) = preSolution
		HideSolutionNode = FALSE
	EndGlobalSection
	GlobalSection(ExtensibilityGlobals) = postSolution
		SolutionGuid = {650E0C94-A551-4850-92CF-BD9724A69CFC}
	EndGlobalSection
EndGlobal
